
Microsoft Visual Studio Solution File, Format Version 12.00
# Visual Studio Version 16
VisualStudioVersion = 16.0.810.8
MinimumVisualStudioVersion = 10.0.40219.1
Project("{FAE04EC0-301F-11D3-BF4B-00C04F79EFBC}") = "Practice5", "Practice5\Practice5.csproj", "{8E07B95F-B18C-40F9-B040-8E32657DA45F}"
EndProject
Global
	GlobalSection(SolutionConfigurationPlatforms) = preSolution
		Debug|Any CPU = Debug|Any CPU
		Release|Any CPU = Release|Any CPU
	EndGlobalSection
	GlobalSection(ProjectConfigurationPlatforms) = postSolution
		{8E07B95F-B18C-40F9-B040-8E32657DA45F}.Debug|Any CPU.ActiveCfg = Debug|Any CPU
		{8E07B95F-B18C-40F9-B040-8E32657DA45F}.Debug|Any CPU.Build.0 = Debug|Any CPU
		{8E07B95F-B18C-40F9-B040-8E32657DA45F}.Release|Any CPU.ActiveCfg = Release|Any CPU
		{8E07B95F-B18C-40F9-B040-8E32657DA45F}.Release|Any CPU.Build.0 = Release|Any CPU
	EndGlobalSection
	GlobalSection(SolutionProperties) = preSolution
		HideSolutionNode = FALSE
	EndGlobalSection
	GlobalSection(ExtensibilityGlobals) = postSolution
		SolutionGuid = {0B1CC1D2-4325-4E2F-87F1-DF8E1D65DE3F}
	EndGlobalSection
EndGlobal
